
Microsoft Visual Studio Solution File, Format Version 12.00
# Visual Studio 2013
VisualStudioVersion = 12.0.31101.0
MinimumVisualStudioVersion = 10.0.40219.1
Project("{FAE04EC0-301F-11D3-BF4B-00C04F79EFBC}") = "01. Some-Primes", "01. Some-Primes\01. Some-Primes.csproj", "{310C0DF2-2B42-435F-B9EC-F1FEC173FB1A}"
EndProject
Project("{FAE04EC0-301F-11D3-BF4B-00C04F79EFBC}") = "02. Some-Fibonacci-Primes", "02. Some Fibonacci Primes\02. Some-Fibonacci-Primes.csproj", "{8A0F39EC-A013-4F96-9461-20E80F96A44F}"
EndProject
Project("{FAE04EC0-301F-11D3-BF4B-00C04F79EFBC}") = "03. Some-Factorials", "03. Some-Factorials\03. Some-Factorials.csproj", "{BE0AB8D0-FFB6-486E-816D-9D1B3181CE68}"
EndProject
Project("{FAE04EC0-301F-11D3-BF4B-00C04F79EFBC}") = "04. Calculate-Hypotenuse", "04. Calculate-Hypotenuse\04. Calculate-Hypotenuse.csproj", "{AFBB92D2-960B-49C9-946F-9C59169B9EBA}"
EndProject
Project("{FAE04EC0-301F-11D3-BF4B-00C04F79EFBC}") = "05. Numeral-System-Conversions", "05. Numeral-System-Conversions\05. Numeral-System-Conversions.csproj", "{B2B1681D-25BF-4611-947C-22AF5C4CBB0B}"
EndProject
Project("{FAE04EC0-301F-11D3-BF4B-00C04F79EFBC}") = "06. Least-Common-Multiple", "06. Least-Common-Multiple\06. Least-Common-Multiple.csproj", "{BBC1B149-9600-4AAB-91CF-57E03C5BA578}"
EndProject
Global
	GlobalSection(SolutionConfigurationPlatforms) = preSolution
		Debug|Any CPU = Debug|Any CPU
		Release|Any CPU = Release|Any CPU
	EndGlobalSection
	GlobalSection(ProjectConfigurationPlatforms) = postSolution
		{310C0DF2-2B42-435F-B9EC-F1FEC173FB1A}.Debug|Any CPU.ActiveCfg = Debug|Any CPU
		{310C0DF2-2B42-435F-B9EC-F1FEC173FB1A}.Debug|Any CPU.Build.0 = Debug|Any CPU
		{310C0DF2-2B42-435F-B9EC-F1FEC173FB1A}.Release|Any CPU.ActiveCfg = Release|Any CPU
		{310C0DF2-2B42-435F-B9EC-F1FEC173FB1A}.Release|Any CPU.Build.0 = Release|Any CPU
		{8A0F39EC-A013-4F96-9461-20E80F96A44F}.Debug|Any CPU.ActiveCfg = Debug|Any CPU
		{8A0F39EC-A013-4F96-9461-20E80F96A44F}.Debug|Any CPU.Build.0 = Debug|Any CPU
		{8A0F39EC-A013-4F96-9461-20E80F96A44F}.Release|Any CPU.ActiveCfg = Release|Any CPU
		{8A0F39EC-A013-4F96-9461-20E80F96A44F}.Release|Any CPU.Build.0 = Release|Any CPU
		{BE0AB8D0-FFB6-486E-816D-9D1B3181CE68}.Debug|Any CPU.ActiveCfg = Debug|Any CPU
		{BE0AB8D0-FFB6-486E-816D-9D1B3181CE68}.Debug|Any CPU.Build.0 = Debug|Any CPU
		{BE0AB8D0-FFB6-486E-816D-9D1B3181CE68}.Release|Any CPU.ActiveCfg = Release|Any CPU
		{BE0AB8D0-FFB6-486E-816D-9D1B3181CE68}.Release|Any CPU.Build.0 = Release|Any CPU
		{AFBB92D2-960B-49C9-946F-9C59169B9EBA}.Debug|Any CPU.ActiveCfg = Debug|Any CPU
		{AFBB92D2-960B-49C9-946F-9C59169B9EBA}.Debug|Any CPU.Build.0 = Debug|Any CPU
		{AFBB92D2-960B-49C9-946F-9C59169B9EBA}.Release|Any CPU.ActiveCfg = Release|Any CPU
		{AFBB92D2-960B-49C9-946F-9C59169B9EBA}.Release|Any CPU.Build.0 = Release|Any CPU
		{B2B1681D-25BF-4611-947C-22AF5C4CBB0B}.Debug|Any CPU.ActiveCfg = Debug|Any CPU
		{B2B1681D-25BF-4611-947C-22AF5C4CBB0B}.Debug|Any CPU.Build.0 = Debug|Any CPU
		{B2B1681D-25BF-4611-947C-22AF5C4CBB0B}.Release|Any CPU.ActiveCfg = Release|Any CPU
		{B2B1681D-25BF-4611-947C-22AF5C4CBB0B}.Release|Any CPU.Build.0 = Release|Any CPU
		{BBC1B149-9600-4AAB-91CF-57E03C5BA578}.Debug|Any CPU.ActiveCfg = Debug|Any CPU
		{BBC1B149-9600-4AAB-91CF-57E03C5BA578}.Debug|Any CPU.Build.0 = Debug|Any CPU
		{BBC1B149-9600-4AAB-91CF-57E03C5BA578}.Release|Any CPU.ActiveCfg = Release|Any CPU
		{BBC1B149-9600-4AAB-91CF-57E03C5BA578}.Release|Any CPU.Build.0 = Release|Any CPU
	EndGlobalSection
	GlobalSection(SolutionProperties) = preSolution
		HideSolutionNode = FALSE
	EndGlobalSection
EndGlobal
