
Microsoft Visual Studio Solution File, Format Version 12.00
# Visual Studio 2013
VisualStudioVersion = 12.0.31101.0
MinimumVisualStudioVersion = 10.0.40219.1
Project("{FAE04EC0-301F-11D3-BF4B-00C04F79EFBC}") = "TRES4-Numbers", "TRES4-Numbers\TRES4-Numbers.csproj", "{03EFD280-B3FE-4502-944C-13BAB3705688}"
EndProject
Project("{FAE04EC0-301F-11D3-BF4B-00C04F79EFBC}") = "Strangeland-Numbers", "Strangeland-Numbers\Strangeland-Numbers.csproj", "{6354F050-DD5A-4878-B6D6-5BAA6F209195}"
EndProject
Project("{FAE04EC0-301F-11D3-BF4B-00C04F79EFBC}") = "Multiverse-Communication", "Multiverse-Communication\Multiverse-Communication.csproj", "{4554BC62-55F1-4EB7-A117-CE3B85500F52}"
EndProject
Project("{FAE04EC0-301F-11D3-BF4B-00C04F79EFBC}") = "Multiverse-Communication-Pavleta", "Multiverse-Communication-Pavleta\Multiverse-Communication-Pavleta.csproj", "{61125655-8FF7-45C9-A0F9-5D8A48279970}"
EndProject
Project("{FAE04EC0-301F-11D3-BF4B-00C04F79EFBC}") = "TRES4-Numbers-Pavleta", "TRES4-Numbers-Pavleta\TRES4-Numbers-Pavleta.csproj", "{07D59CD6-F5AE-4DB5-87FD-68E12E43542D}"
EndProject
Project("{FAE04EC0-301F-11D3-BF4B-00C04F79EFBC}") = "Zerg!!!", "Zerg!!!\Zerg!!!.csproj", "{8266E2FE-64E7-4212-887E-652606A25C99}"
EndProject
Project("{FAE04EC0-301F-11D3-BF4B-00C04F79EFBC}") = "Kaspichan-Numbers", "Kaspichan-Numbers\Kaspichan-Numbers.csproj", "{D009519B-14E8-4EC4-B7A0-6018F7FE0754}"
EndProject
Project("{FAE04EC0-301F-11D3-BF4B-00C04F79EFBC}") = "Durankulak-Numbers", "Durankulak-Numbers\Durankulak-Numbers.csproj", "{CC991853-6EA9-4027-9012-1C8528C33393}"
EndProject
Project("{FAE04EC0-301F-11D3-BF4B-00C04F79EFBC}") = "9Gag-Numbers", "9Gag-Numbers\9Gag-Numbers.csproj", "{FA5446DA-4FDB-4ECA-8BE0-52CBF1463EFB}"
EndProject
Project("{FAE04EC0-301F-11D3-BF4B-00C04F79EFBC}") = "Bunny-Factory", "Bunny-Factory\Bunny-Factory.csproj", "{C2CC29A7-3A2F-4C71-ADDB-A0E05B27FE1C}"
EndProject
Project("{FAE04EC0-301F-11D3-BF4B-00C04F79EFBC}") = "Two-Girls-One-Path", "Two-Girls-One-Path\Two-Girls-One-Path.csproj", "{9F969414-0F3D-4237-B612-2E62FA132057}"
EndProject
Project("{FAE04EC0-301F-11D3-BF4B-00C04F79EFBC}") = "Magic-Words", "Magic-Words\Magic-Words.csproj", "{ED5B49EA-B189-456C-98BB-1D4B0FB33BA7}"
EndProject
Project("{FAE04EC0-301F-11D3-BF4B-00C04F79EFBC}") = "Moving-Letters", "Moving-Letters\Moving-Letters.csproj", "{80547E59-A797-472A-B174-9F97D8837F21}"
EndProject
Project("{FAE04EC0-301F-11D3-BF4B-00C04F79EFBC}") = "Gready-Dwarf", "Gready-Dwarf\Gready-Dwarf.csproj", "{45A76BC3-5192-4C94-8F29-34A4AE507386}"
EndProject
Project("{FAE04EC0-301F-11D3-BF4B-00C04F79EFBC}") = "Joro-The-Rabbit", "Joro-The-Rabbit\Joro-The-Rabbit.csproj", "{EAE23B38-4B87-4F15-9058-F570552BCE7B}"
EndProject
Project("{FAE04EC0-301F-11D3-BF4B-00C04F79EFBC}") = "Special-Value", "Special-Value\Special-Value.csproj", "{48850C88-E6E1-4E2D-B2AA-6584AE1DB1DF}"
EndProject
Project("{FAE04EC0-301F-11D3-BF4B-00C04F79EFBC}") = "Variable-Length-Codes", "Variable-Length-Codes\Variable-Length-Codes.csproj", "{01898401-444C-4F3A-93CC-B26B91521A79}"
EndProject
Project("{FAE04EC0-301F-11D3-BF4B-00C04F79EFBC}") = "Relevance-Index", "Relevance-Index\Relevance-Index.csproj", "{BF55DB1F-0BB9-41E0-9D0D-0AAAFCE175EB}"
EndProject
Project("{FAE04EC0-301F-11D3-BF4B-00C04F79EFBC}") = "Decode-And-Decrypt", "Decode-And-Decrypt\Decode-And-Decrypt.csproj", "{B6C71015-7484-46E7-95C1-42BCCC208327}"
EndProject
Project("{FAE04EC0-301F-11D3-BF4B-00C04F79EFBC}") = "Encode-And-Encrypt", "Encode-And-Encrypt\Encode-And-Encrypt.csproj", "{BCC7EB93-2170-4E81-BC1D-57893062D77D}"
EndProject
Project("{FAE04EC0-301F-11D3-BF4B-00C04F79EFBC}") = "Console-Justification", "Console-Justification\Console-Justification.csproj", "{F1520CBB-6799-42FD-91DB-A0816F6E3E94}"
EndProject
Project("{FAE04EC0-301F-11D3-BF4B-00C04F79EFBC}") = "Brackets", "Brackets\Brackets.csproj", "{F0717D6B-4054-45E0-823A-E570EE278BB7}"
EndProject
Project("{FAE04EC0-301F-11D3-BF4B-00C04F79EFBC}") = "Brackets-Old", "Brackets-Old\Brackets-Old.csproj", "{71DDBB8F-3174-4AC9-9A65-32B9F7C18C31}"
EndProject
Project("{FAE04EC0-301F-11D3-BF4B-00C04F79EFBC}") = "FTML", "FTML\FTML.csproj", "{1DBFC72C-36C4-461A-8A9F-C13A580B9D26}"
EndProject
Project("{FAE04EC0-301F-11D3-BF4B-00C04F79EFBC}") = "Patterns", "Patterns\Patterns.csproj", "{F3B3D9A7-4CB5-455D-BF93-820C536BADAD}"
EndProject
Project("{FAE04EC0-301F-11D3-BF4B-00C04F79EFBC}") = "Help-Doge", "Help-Doge\Help-Doge.csproj", "{9EE5E953-52C6-420C-A946-3580DAD42892}"
EndProject
Project("{FAE04EC0-301F-11D3-BF4B-00C04F79EFBC}") = "DigitsLI", "DigitsY\DigitsLI.csproj", "{74587270-0A33-4B3D-8959-C27800EC2ECC}"
EndProject
Project("{FAE04EC0-301F-11D3-BF4B-00C04F79EFBC}") = "DigitsIL", "DigitsIL\DigitsIL.csproj", "{40EB51F7-B898-4AEF-AB61-8DF65153691A}"
EndProject
Project("{FAE04EC0-301F-11D3-BF4B-00C04F79EFBC}") = "DigitsPavleta", "Digits-Pavleta\DigitsPavleta.csproj", "{212D5428-7BD0-40F2-8EA9-1FFD6108A343}"
EndProject
Project("{FAE04EC0-301F-11D3-BF4B-00C04F79EFBC}") = "Durankulak", "Durankulak\Durankulak.csproj", "{80D3D6C1-B723-4DE0-ACE6-D4279318E84E}"
EndProject
Global
	GlobalSection(SolutionConfigurationPlatforms) = preSolution
		Debug|Any CPU = Debug|Any CPU
		Release|Any CPU = Release|Any CPU
	EndGlobalSection
	GlobalSection(ProjectConfigurationPlatforms) = postSolution
		{03EFD280-B3FE-4502-944C-13BAB3705688}.Debug|Any CPU.ActiveCfg = Debug|Any CPU
		{03EFD280-B3FE-4502-944C-13BAB3705688}.Debug|Any CPU.Build.0 = Debug|Any CPU
		{03EFD280-B3FE-4502-944C-13BAB3705688}.Release|Any CPU.ActiveCfg = Release|Any CPU
		{03EFD280-B3FE-4502-944C-13BAB3705688}.Release|Any CPU.Build.0 = Release|Any CPU
		{6354F050-DD5A-4878-B6D6-5BAA6F209195}.Debug|Any CPU.ActiveCfg = Debug|Any CPU
		{6354F050-DD5A-4878-B6D6-5BAA6F209195}.Debug|Any CPU.Build.0 = Debug|Any CPU
		{6354F050-DD5A-4878-B6D6-5BAA6F209195}.Release|Any CPU.ActiveCfg = Release|Any CPU
		{6354F050-DD5A-4878-B6D6-5BAA6F209195}.Release|Any CPU.Build.0 = Release|Any CPU
		{4554BC62-55F1-4EB7-A117-CE3B85500F52}.Debug|Any CPU.ActiveCfg = Debug|Any CPU
		{4554BC62-55F1-4EB7-A117-CE3B85500F52}.Debug|Any CPU.Build.0 = Debug|Any CPU
		{4554BC62-55F1-4EB7-A117-CE3B85500F52}.Release|Any CPU.ActiveCfg = Release|Any CPU
		{4554BC62-55F1-4EB7-A117-CE3B85500F52}.Release|Any CPU.Build.0 = Release|Any CPU
		{61125655-8FF7-45C9-A0F9-5D8A48279970}.Debug|Any CPU.ActiveCfg = Debug|Any CPU
		{61125655-8FF7-45C9-A0F9-5D8A48279970}.Debug|Any CPU.Build.0 = Debug|Any CPU
		{61125655-8FF7-45C9-A0F9-5D8A48279970}.Release|Any CPU.ActiveCfg = Release|Any CPU
		{61125655-8FF7-45C9-A0F9-5D8A48279970}.Release|Any CPU.Build.0 = Release|Any CPU
		{07D59CD6-F5AE-4DB5-87FD-68E12E43542D}.Debug|Any CPU.ActiveCfg = Debug|Any CPU
		{07D59CD6-F5AE-4DB5-87FD-68E12E43542D}.Debug|Any CPU.Build.0 = Debug|Any CPU
		{07D59CD6-F5AE-4DB5-87FD-68E12E43542D}.Release|Any CPU.ActiveCfg = Release|Any CPU
		{07D59CD6-F5AE-4DB5-87FD-68E12E43542D}.Release|Any CPU.Build.0 = Release|Any CPU
		{8266E2FE-64E7-4212-887E-652606A25C99}.Debug|Any CPU.ActiveCfg = Debug|Any CPU
		{8266E2FE-64E7-4212-887E-652606A25C99}.Debug|Any CPU.Build.0 = Debug|Any CPU
		{8266E2FE-64E7-4212-887E-652606A25C99}.Release|Any CPU.ActiveCfg = Release|Any CPU
		{8266E2FE-64E7-4212-887E-652606A25C99}.Release|Any CPU.Build.0 = Release|Any CPU
		{D009519B-14E8-4EC4-B7A0-6018F7FE0754}.Debug|Any CPU.ActiveCfg = Debug|Any CPU
		{D009519B-14E8-4EC4-B7A0-6018F7FE0754}.Debug|Any CPU.Build.0 = Debug|Any CPU
		{D009519B-14E8-4EC4-B7A0-6018F7FE0754}.Release|Any CPU.ActiveCfg = Release|Any CPU
		{D009519B-14E8-4EC4-B7A0-6018F7FE0754}.Release|Any CPU.Build.0 = Release|Any CPU
		{CC991853-6EA9-4027-9012-1C8528C33393}.Debug|Any CPU.ActiveCfg = Debug|Any CPU
		{CC991853-6EA9-4027-9012-1C8528C33393}.Debug|Any CPU.Build.0 = Debug|Any CPU
		{CC991853-6EA9-4027-9012-1C8528C33393}.Release|Any CPU.ActiveCfg = Release|Any CPU
		{CC991853-6EA9-4027-9012-1C8528C33393}.Release|Any CPU.Build.0 = Release|Any CPU
		{FA5446DA-4FDB-4ECA-8BE0-52CBF1463EFB}.Debug|Any CPU.ActiveCfg = Debug|Any CPU
		{FA5446DA-4FDB-4ECA-8BE0-52CBF1463EFB}.Debug|Any CPU.Build.0 = Debug|Any CPU
		{FA5446DA-4FDB-4ECA-8BE0-52CBF1463EFB}.Release|Any CPU.ActiveCfg = Release|Any CPU
		{FA5446DA-4FDB-4ECA-8BE0-52CBF1463EFB}.Release|Any CPU.Build.0 = Release|Any CPU
		{C2CC29A7-3A2F-4C71-ADDB-A0E05B27FE1C}.Debug|Any CPU.ActiveCfg = Debug|Any CPU
		{C2CC29A7-3A2F-4C71-ADDB-A0E05B27FE1C}.Debug|Any CPU.Build.0 = Debug|Any CPU
		{C2CC29A7-3A2F-4C71-ADDB-A0E05B27FE1C}.Release|Any CPU.ActiveCfg = Release|Any CPU
		{C2CC29A7-3A2F-4C71-ADDB-A0E05B27FE1C}.Release|Any CPU.Build.0 = Release|Any CPU
		{9F969414-0F3D-4237-B612-2E62FA132057}.Debug|Any CPU.ActiveCfg = Debug|Any CPU
		{9F969414-0F3D-4237-B612-2E62FA132057}.Debug|Any CPU.Build.0 = Debug|Any CPU
		{9F969414-0F3D-4237-B612-2E62FA132057}.Release|Any CPU.ActiveCfg = Release|Any CPU
		{9F969414-0F3D-4237-B612-2E62FA132057}.Release|Any CPU.Build.0 = Release|Any CPU
		{ED5B49EA-B189-456C-98BB-1D4B0FB33BA7}.Debug|Any CPU.ActiveCfg = Debug|Any CPU
		{ED5B49EA-B189-456C-98BB-1D4B0FB33BA7}.Debug|Any CPU.Build.0 = Debug|Any CPU
		{ED5B49EA-B189-456C-98BB-1D4B0FB33BA7}.Release|Any CPU.ActiveCfg = Release|Any CPU
		{ED5B49EA-B189-456C-98BB-1D4B0FB33BA7}.Release|Any CPU.Build.0 = Release|Any CPU
		{80547E59-A797-472A-B174-9F97D8837F21}.Debug|Any CPU.ActiveCfg = Debug|Any CPU
		{80547E59-A797-472A-B174-9F97D8837F21}.Debug|Any CPU.Build.0 = Debug|Any CPU
		{80547E59-A797-472A-B174-9F97D8837F21}.Release|Any CPU.ActiveCfg = Release|Any CPU
		{80547E59-A797-472A-B174-9F97D8837F21}.Release|Any CPU.Build.0 = Release|Any CPU
		{45A76BC3-5192-4C94-8F29-34A4AE507386}.Debug|Any CPU.ActiveCfg = Debug|Any CPU
		{45A76BC3-5192-4C94-8F29-34A4AE507386}.Debug|Any CPU.Build.0 = Debug|Any CPU
		{45A76BC3-5192-4C94-8F29-34A4AE507386}.Release|Any CPU.ActiveCfg = Release|Any CPU
		{45A76BC3-5192-4C94-8F29-34A4AE507386}.Release|Any CPU.Build.0 = Release|Any CPU
		{EAE23B38-4B87-4F15-9058-F570552BCE7B}.Debug|Any CPU.ActiveCfg = Debug|Any CPU
		{EAE23B38-4B87-4F15-9058-F570552BCE7B}.Debug|Any CPU.Build.0 = Debug|Any CPU
		{EAE23B38-4B87-4F15-9058-F570552BCE7B}.Release|Any CPU.ActiveCfg = Release|Any CPU
		{EAE23B38-4B87-4F15-9058-F570552BCE7B}.Release|Any CPU.Build.0 = Release|Any CPU
		{48850C88-E6E1-4E2D-B2AA-6584AE1DB1DF}.Debug|Any CPU.ActiveCfg = Debug|Any CPU
		{48850C88-E6E1-4E2D-B2AA-6584AE1DB1DF}.Debug|Any CPU.Build.0 = Debug|Any CPU
		{48850C88-E6E1-4E2D-B2AA-6584AE1DB1DF}.Release|Any CPU.ActiveCfg = Release|Any CPU
		{48850C88-E6E1-4E2D-B2AA-6584AE1DB1DF}.Release|Any CPU.Build.0 = Release|Any CPU
		{01898401-444C-4F3A-93CC-B26B91521A79}.Debug|Any CPU.ActiveCfg = Debug|Any CPU
		{01898401-444C-4F3A-93CC-B26B91521A79}.Debug|Any CPU.Build.0 = Debug|Any CPU
		{01898401-444C-4F3A-93CC-B26B91521A79}.Release|Any CPU.ActiveCfg = Release|Any CPU
		{01898401-444C-4F3A-93CC-B26B91521A79}.Release|Any CPU.Build.0 = Release|Any CPU
		{BF55DB1F-0BB9-41E0-9D0D-0AAAFCE175EB}.Debug|Any CPU.ActiveCfg = Debug|Any CPU
		{BF55DB1F-0BB9-41E0-9D0D-0AAAFCE175EB}.Debug|Any CPU.Build.0 = Debug|Any CPU
		{BF55DB1F-0BB9-41E0-9D0D-0AAAFCE175EB}.Release|Any CPU.ActiveCfg = Release|Any CPU
		{BF55DB1F-0BB9-41E0-9D0D-0AAAFCE175EB}.Release|Any CPU.Build.0 = Release|Any CPU
		{B6C71015-7484-46E7-95C1-42BCCC208327}.Debug|Any CPU.ActiveCfg = Debug|Any CPU
		{B6C71015-7484-46E7-95C1-42BCCC208327}.Debug|Any CPU.Build.0 = Debug|Any CPU
		{B6C71015-7484-46E7-95C1-42BCCC208327}.Release|Any CPU.ActiveCfg = Release|Any CPU
		{B6C71015-7484-46E7-95C1-42BCCC208327}.Release|Any CPU.Build.0 = Release|Any CPU
		{BCC7EB93-2170-4E81-BC1D-57893062D77D}.Debug|Any CPU.ActiveCfg = Debug|Any CPU
		{BCC7EB93-2170-4E81-BC1D-57893062D77D}.Debug|Any CPU.Build.0 = Debug|Any CPU
		{BCC7EB93-2170-4E81-BC1D-57893062D77D}.Release|Any CPU.ActiveCfg = Release|Any CPU
		{BCC7EB93-2170-4E81-BC1D-57893062D77D}.Release|Any CPU.Build.0 = Release|Any CPU
		{F1520CBB-6799-42FD-91DB-A0816F6E3E94}.Debug|Any CPU.ActiveCfg = Debug|Any CPU
		{F1520CBB-6799-42FD-91DB-A0816F6E3E94}.Debug|Any CPU.Build.0 = Debug|Any CPU
		{F1520CBB-6799-42FD-91DB-A0816F6E3E94}.Release|Any CPU.ActiveCfg = Release|Any CPU
		{F1520CBB-6799-42FD-91DB-A0816F6E3E94}.Release|Any CPU.Build.0 = Release|Any CPU
		{F0717D6B-4054-45E0-823A-E570EE278BB7}.Debug|Any CPU.ActiveCfg = Debug|Any CPU
		{F0717D6B-4054-45E0-823A-E570EE278BB7}.Debug|Any CPU.Build.0 = Debug|Any CPU
		{F0717D6B-4054-45E0-823A-E570EE278BB7}.Release|Any CPU.ActiveCfg = Release|Any CPU
		{F0717D6B-4054-45E0-823A-E570EE278BB7}.Release|Any CPU.Build.0 = Release|Any CPU
		{71DDBB8F-3174-4AC9-9A65-32B9F7C18C31}.Debug|Any CPU.ActiveCfg = Debug|Any CPU
		{71DDBB8F-3174-4AC9-9A65-32B9F7C18C31}.Debug|Any CPU.Build.0 = Debug|Any CPU
		{71DDBB8F-3174-4AC9-9A65-32B9F7C18C31}.Release|Any CPU.ActiveCfg = Release|Any CPU
		{71DDBB8F-3174-4AC9-9A65-32B9F7C18C31}.Release|Any CPU.Build.0 = Release|Any CPU
		{1DBFC72C-36C4-461A-8A9F-C13A580B9D26}.Debug|Any CPU.ActiveCfg = Debug|Any CPU
		{1DBFC72C-36C4-461A-8A9F-C13A580B9D26}.Debug|Any CPU.Build.0 = Debug|Any CPU
		{1DBFC72C-36C4-461A-8A9F-C13A580B9D26}.Release|Any CPU.ActiveCfg = Release|Any CPU
		{1DBFC72C-36C4-461A-8A9F-C13A580B9D26}.Release|Any CPU.Build.0 = Release|Any CPU
		{F3B3D9A7-4CB5-455D-BF93-820C536BADAD}.Debug|Any CPU.ActiveCfg = Debug|Any CPU
		{F3B3D9A7-4CB5-455D-BF93-820C536BADAD}.Debug|Any CPU.Build.0 = Debug|Any CPU
		{F3B3D9A7-4CB5-455D-BF93-820C536BADAD}.Release|Any CPU.ActiveCfg = Release|Any CPU
		{F3B3D9A7-4CB5-455D-BF93-820C536BADAD}.Release|Any CPU.Build.0 = Release|Any CPU
		{9EE5E953-52C6-420C-A946-3580DAD42892}.Debug|Any CPU.ActiveCfg = Debug|Any CPU
		{9EE5E953-52C6-420C-A946-3580DAD42892}.Debug|Any CPU.Build.0 = Debug|Any CPU
		{9EE5E953-52C6-420C-A946-3580DAD42892}.Release|Any CPU.ActiveCfg = Release|Any CPU
		{9EE5E953-52C6-420C-A946-3580DAD42892}.Release|Any CPU.Build.0 = Release|Any CPU
		{74587270-0A33-4B3D-8959-C27800EC2ECC}.Debug|Any CPU.ActiveCfg = Debug|Any CPU
		{74587270-0A33-4B3D-8959-C27800EC2ECC}.Debug|Any CPU.Build.0 = Debug|Any CPU
		{74587270-0A33-4B3D-8959-C27800EC2ECC}.Release|Any CPU.ActiveCfg = Release|Any CPU
		{74587270-0A33-4B3D-8959-C27800EC2ECC}.Release|Any CPU.Build.0 = Release|Any CPU
		{40EB51F7-B898-4AEF-AB61-8DF65153691A}.Debug|Any CPU.ActiveCfg = Debug|Any CPU
		{40EB51F7-B898-4AEF-AB61-8DF65153691A}.Debug|Any CPU.Build.0 = Debug|Any CPU
		{40EB51F7-B898-4AEF-AB61-8DF65153691A}.Release|Any CPU.ActiveCfg = Release|Any CPU
		{40EB51F7-B898-4AEF-AB61-8DF65153691A}.Release|Any CPU.Build.0 = Release|Any CPU
		{212D5428-7BD0-40F2-8EA9-1FFD6108A343}.Debug|Any CPU.ActiveCfg = Debug|Any CPU
		{212D5428-7BD0-40F2-8EA9-1FFD6108A343}.Debug|Any CPU.Build.0 = Debug|Any CPU
		{212D5428-7BD0-40F2-8EA9-1FFD6108A343}.Release|Any CPU.ActiveCfg = Release|Any CPU
		{212D5428-7BD0-40F2-8EA9-1FFD6108A343}.Release|Any CPU.Build.0 = Release|Any CPU
		{80D3D6C1-B723-4DE0-ACE6-D4279318E84E}.Debug|Any CPU.ActiveCfg = Debug|Any CPU
		{80D3D6C1-B723-4DE0-ACE6-D4279318E84E}.Debug|Any CPU.Build.0 = Debug|Any CPU
		{80D3D6C1-B723-4DE0-ACE6-D4279318E84E}.Release|Any CPU.ActiveCfg = Release|Any CPU
		{80D3D6C1-B723-4DE0-ACE6-D4279318E84E}.Release|Any CPU.Build.0 = Release|Any CPU
	EndGlobalSection
	GlobalSection(SolutionProperties) = preSolution
		HideSolutionNode = FALSE
	EndGlobalSection
EndGlobal
